
Microsoft Visual Studio Solution File, Format Version 12.00
# Visual Studio Version 16
VisualStudioVersion = 16.0.32228.343
MinimumVisualStudioVersion = 10.0.40219.1
Project("{FAE04EC0-301F-11D3-BF4B-00C04F79EFBC}") = "A - B Matching Monitoring Factory 2", "A - B Matching Monitoring Factory 2\A - B Matching Monitoring Factory 2.csproj", "{A23C9C89-7041-4A54-A77A-A566809A6193}"
EndProject
Global
	GlobalSection(SolutionConfigurationPlatforms) = preSolution
		Debug|Any CPU = Debug|Any CPU
		Release|Any CPU = Release|Any CPU
	EndGlobalSection
	GlobalSection(ProjectConfigurationPlatforms) = postSolution
		{A23C9C89-7041-4A54-A77A-A566809A6193}.Debug|Any CPU.ActiveCfg = Debug|Any CPU
		{A23C9C89-7041-4A54-A77A-A566809A6193}.Debug|Any CPU.Build.0 = Debug|Any CPU
		{A23C9C89-7041-4A54-A77A-A566809A6193}.Release|Any CPU.ActiveCfg = Release|Any CPU
		{A23C9C89-7041-4A54-A77A-A566809A6193}.Release|Any CPU.Build.0 = Release|Any CPU
	EndGlobalSection
	GlobalSection(SolutionProperties) = preSolution
		HideSolutionNode = FALSE
	EndGlobalSection
	GlobalSection(ExtensibilityGlobals) = postSolution
		SolutionGuid = {2CE80824-69AA-482D-BB5E-6AD6351D0B83}
	EndGlobalSection
EndGlobal
